
Microsoft Visual Studio Solution File, Format Version 12.00
# Visual Studio Version 17
VisualStudioVersion = 17.6.33815.320
MinimumVisualStudioVersion = 10.0.40219.1
Project("{FAE04EC0-301F-11D3-BF4B-00C04F79EFBC}") = "FiveDaysTrainings", "FiveDaysTrainings.csproj", "{B32F2F8B-B45E-4F7C-B4F4-2C6FBB9F37ED}"
EndProject
Global
	GlobalSection(SolutionConfigurationPlatforms) = preSolution
		Debug|Any CPU = Debug|Any CPU
		Release|Any CPU = Release|Any CPU
	EndGlobalSection
	GlobalSection(ProjectConfigurationPlatforms) = postSolution
		{B32F2F8B-B45E-4F7C-B4F4-2C6FBB9F37ED}.Debug|Any CPU.ActiveCfg = Debug|Any CPU
		{B32F2F8B-B45E-4F7C-B4F4-2C6FBB9F37ED}.Debug|Any CPU.Build.0 = Debug|Any CPU
		{B32F2F8B-B45E-4F7C-B4F4-2C6FBB9F37ED}.Release|Any CPU.ActiveCfg = Release|Any CPU
		{B32F2F8B-B45E-4F7C-B4F4-2C6FBB9F37ED}.Release|Any CPU.Build.0 = Release|Any CPU
	EndGlobalSection
	GlobalSection(SolutionProperties) = preSolution
		HideSolutionNode = FALSE
	EndGlobalSection
	GlobalSection(ExtensibilityGlobals) = postSolution
		SolutionGuid = {B941A7B6-54E6-4449-ACD5-6A1036A1E18D}
	EndGlobalSection
EndGlobal
